
Microsoft Visual Studio Solution File, Format Version 12.00
# Visual Studio Version 16
VisualStudioVersion = 16.0.29819.219
MinimumVisualStudioVersion = 10.0.40219.1
Project("{9A19103F-16F7-4668-BE54-9A1E7A4F7556}") = "BlazorForms", "BlazorForms\BlazorForms.csproj", "{22276AF5-B63B-4CD8-A066-C3091D0A270B}"
EndProject
Global
	GlobalSection(SolutionConfigurationPlatforms) = preSolution
		Debug|Any CPU = Debug|Any CPU
		Release|Any CPU = Release|Any CPU
	EndGlobalSection
	GlobalSection(ProjectConfigurationPlatforms) = postSolution
		{22276AF5-B63B-4CD8-A066-C3091D0A270B}.Debug|Any CPU.ActiveCfg = Debug|Any CPU
		{22276AF5-B63B-4CD8-A066-C3091D0A270B}.Debug|Any CPU.Build.0 = Debug|Any CPU
		{22276AF5-B63B-4CD8-A066-C3091D0A270B}.Release|Any CPU.ActiveCfg = Release|Any CPU
		{22276AF5-B63B-4CD8-A066-C3091D0A270B}.Release|Any CPU.Build.0 = Release|Any CPU
	EndGlobalSection
	GlobalSection(SolutionProperties) = preSolution
		HideSolutionNode = FALSE
	EndGlobalSection
	GlobalSection(ExtensibilityGlobals) = postSolution
		SolutionGuid = {BA90349F-618C-4DA3-8C2C-C33730101A8F}
	EndGlobalSection
EndGlobal
